// !$*UTF8*$!
{
	archiveVersion = 1;
	classes = {
	};
	objectVersion = 46;
	objects = {

/* Begin PBXBuildFile section */
		AE81E3881C648C1600BB3DEC /* AppDelegate.swift in Sources */ = {isa = PBXBuildFile; fileRef = AE81E3871C648C1600BB3DEC /* AppDelegate.swift */; };
		AE81E38A1C648C1600BB3DEC /* ViewController.swift in Sources */ = {isa = PBXBuildFile; fileRef = AE81E3891C648C1600BB3DEC /* ViewController.swift */; };
		AE81E38D1C648C1600BB3DEC /* Main.storyboard in Resources */ = {isa = PBXBuildFile; fileRef = AE81E38B1C648C1600BB3DEC /* Main.storyboard */; };
		AE81E38F1C648C1600BB3DEC /* Assets.xcassets in Resources */ = {isa = PBXBuildFile; fileRef = AE81E38E1C648C1600BB3DEC /* Assets.xcassets */; };
		AE81E3921C648C1600BB3DEC /* LaunchScreen.storyboard in Resources */ = {isa = PBXBuildFile; fileRef = AE81E3901C648C1600BB3DEC /* LaunchScreen.storyboard */; };
		AE81E39C1C649E5A00BB3DEC /* CreateAccountViewController.swift in Sources */ = {isa = PBXBuildFile; fileRef = AE81E39B1C649E5A00BB3DEC /* CreateAccountViewController.swift */; };
		AEB2F4281C64A27D00391D29 /* SignInRootViewController.swift in Sources */ = {isa = PBXBuildFile; fileRef = AEB2F4271C64A27D00391D29 /* SignInRootViewController.swift */; };
		AEB2F42A1C64A29500391D29 /* SignInViewController.swift in Sources */ = {isa = PBXBuildFile; fileRef = AEB2F4291C64A29500391D29 /* SignInViewController.swift */; };
		AEB2F42C1C65F3F300391D29 /* SettingsScrollViewController.swift in Sources */ = {isa = PBXBuildFile; fileRef = AEB2F42B1C65F3F300391D29 /* SettingsScrollViewController.swift */; };
		AEB2F42E1C6609BE00391D29 /* GettingStartedController.swift in Sources */ = {isa = PBXBuildFile; fileRef = AEB2F42D1C6609BE00391D29 /* GettingStartedController.swift */; };
		AEB2F4301C66C2F300391D29 /* FavoriteScreenViewController.swift in Sources */ = {isa = PBXBuildFile; fileRef = AEB2F42F1C66C2F300391D29 /* FavoriteScreenViewController.swift */; };
		AEB2F43B1C67D64B00391D29 /* CreateAccountFormViewController.swift in Sources */ = {isa = PBXBuildFile; fileRef = AEB2F43A1C67D64B00391D29 /* CreateAccountFormViewController.swift */; };
		AEB2F43D1C68078A00391D29 /* Welcome1ViewController.swift in Sources */ = {isa = PBXBuildFile; fileRef = AEB2F43C1C68078A00391D29 /* Welcome1ViewController.swift */; };
		AEB2F43F1C680E1800391D29 /* Welcome2ViewController.swift in Sources */ = {isa = PBXBuildFile; fileRef = AEB2F43E1C680E1800391D29 /* Welcome2ViewController.swift */; };
		AEB2F4411C680E4700391D29 /* Welcome3ViewController.swift in Sources */ = {isa = PBXBuildFile; fileRef = AEB2F4401C680E4600391D29 /* Welcome3ViewController.swift */; };
/* End PBXBuildFile section */

/* Begin PBXFileReference section */
		AE81E3841C648C1600BB3DEC /* Week1_Dropbox.app */ = {isa = PBXFileReference; explicitFileType = wrapper.application; includeInIndex = 0; path = Week1_Dropbox.app; sourceTree = BUILT_PRODUCTS_DIR; };
		AE81E3871C648C1600BB3DEC /* AppDelegate.swift */ = {isa = PBXFileReference; lastKnownFileType = sourcecode.swift; path = AppDelegate.swift; sourceTree = "<group>"; };
		AE81E3891C648C1600BB3DEC /* ViewController.swift */ = {isa = PBXFileReference; lastKnownFileType = sourcecode.swift; path = ViewController.swift; sourceTree = "<group>"; };
		AE81E38C1C648C1600BB3DEC /* Base */ = {isa = PBXFileReference; lastKnownFileType = file.storyboard; name = Base; path = Base.lproj/Main.storyboard; sourceTree = "<group>"; };
		AE81E38E1C648C1600BB3DEC /* Assets.xcassets */ = {isa = PBXFileReference; lastKnownFileType = folder.assetcatalog; path = Assets.xcassets; sourceTree = "<group>"; };
		AE81E3911C648C1600BB3DEC /* Base */ = {isa = PBXFileReference; lastKnownFileType = file.storyboard; name = Base; path = Base.lproj/LaunchScreen.storyboard; sourceTree = "<group>"; };
		AE81E3931C648C1600BB3DEC /* Info.plist */ = {isa = PBXFileReference; lastKnownFileType = text.plist.xml; path = Info.plist; sourceTree = "<group>"; };
		AE81E39B1C649E5A00BB3DEC /* CreateAccountViewController.swift */ = {isa = PBXFileReference; fileEncoding = 4; lastKnownFileType = sourcecode.swift; path = CreateAccountViewController.swift; sourceTree = "<group>"; };
		AEB2F4271C64A27D00391D29 /* SignInRootViewController.swift */ = {isa = PBXFileReference; fileEncoding = 4; lastKnownFileType = sourcecode.swift; path = SignInRootViewController.swift; sourceTree = "<group>"; };
		AEB2F4291C64A29500391D29 /* SignInViewController.swift */ = {isa = PBXFileReference; fileEncoding = 4; lastKnownFileType = sourcecode.swift; path = SignInViewController.swift; sourceTree = "<group>"; };
		AEB2F42B1C65F3F300391D29 /* SettingsScrollViewController.swift */ = {isa = PBXFileReference; fileEncoding = 4; lastKnownFileType = sourcecode.swift; path = SettingsScrollViewController.swift; sourceTree = "<group>"; };
		AEB2F42D1C6609BE00391D29 /* GettingStartedController.swift */ = {isa = PBXFileReference; fileEncoding = 4; lastKnownFileType = sourcecode.swift; path = GettingStartedController.swift; sourceTree = "<group>"; };
		AEB2F42F1C66C2F300391D29 /* FavoriteScreenViewController.swift */ = {isa = PBXFileReference; fileEncoding = 4; lastKnownFileType = sourcecode.swift; name = FavoriteScreenViewController.swift; path = ../FavoriteScreenViewController.swift; sourceTree = "<group>"; };
		AEB2F43A1C67D64B00391D29 /* CreateAccountFormViewController.swift */ = {isa = PBXFileReference; fileEncoding = 4; lastKnownFileType = sourcecode.swift; path = CreateAccountFormViewController.swift; sourceTree = "<group>"; };
		AEB2F43C1C68078A00391D29 /* Welcome1ViewController.swift */ = {isa = PBXFileReference; fileEncoding = 4; lastKnownFileType = sourcecode.swift; path = Welcome1ViewController.swift; sourceTree = "<group>"; };
		AEB2F43E1C680E1800391D29 /* Welcome2ViewController.swift */ = {isa = PBXFileReference; fileEncoding = 4; lastKnownFileType = sourcecode.swift; path = Welcome2ViewController.swift; sourceTree = "<group>"; };
		AEB2F4401C680E4600391D29 /* Welcome3ViewController.swift */ = {isa = PBXFileReference; fileEncoding = 4; lastKnownFileType = sourcecode.swift; path = Welcome3ViewController.swift; sourceTree = "<group>"; };
/* End PBXFileReference section */

/* Begin PBXFrameworksBuildPhase section */
		AE81E3811C648C1600BB3DEC /* Frameworks */ = {
			isa = PBXFrameworksBuildPhase;
			buildActionMask = 2147483647;
			files = (
			);
			runOnlyForDeploymentPostprocessing = 0;
		};
/* End PBXFrameworksBuildPhase section */

/* Begin PBXGroup section */
		AE81E37B1C648C1600BB3DEC = {
			isa = PBXGroup;
			children = (
				AE81E3861C648C1600BB3DEC /* Week1_Dropbox */,
				AE81E3851C648C1600BB3DEC /* Products */,
			);
			sourceTree = "<group>";
		};
		AE81E3851C648C1600BB3DEC /* Products */ = {
			isa = PBXGroup;
			children = (
				AE81E3841C648C1600BB3DEC /* Week1_Dropbox.app */,
			);
			name = Products;
			sourceTree = "<group>";
		};
		AE81E3861C648C1600BB3DEC /* Week1_Dropbox */ = {
			isa = PBXGroup;
			children = (
				AEB2F42F1C66C2F300391D29 /* FavoriteScreenViewController.swift */,
				AE81E3871C648C1600BB3DEC /* AppDelegate.swift */,
				AE81E3891C648C1600BB3DEC /* ViewController.swift */,
				AE81E38B1C648C1600BB3DEC /* Main.storyboard */,
				AEB2F4401C680E4600391D29 /* Welcome3ViewController.swift */,
				AEB2F43E1C680E1800391D29 /* Welcome2ViewController.swift */,
				AEB2F43C1C68078A00391D29 /* Welcome1ViewController.swift */,
				AEB2F43A1C67D64B00391D29 /* CreateAccountFormViewController.swift */,
				AEB2F42D1C6609BE00391D29 /* GettingStartedController.swift */,
				AEB2F42B1C65F3F300391D29 /* SettingsScrollViewController.swift */,
				AEB2F4291C64A29500391D29 /* SignInViewController.swift */,
				AEB2F4271C64A27D00391D29 /* SignInRootViewController.swift */,
				AE81E39B1C649E5A00BB3DEC /* CreateAccountViewController.swift */,
				AE81E38E1C648C1600BB3DEC /* Assets.xcassets */,
				AE81E3901C648C1600BB3DEC /* LaunchScreen.storyboard */,
				AE81E3931C648C1600BB3DEC /* Info.plist */,
			);
			path = Week1_Dropbox;
			sourceTree = "<group>";
		};
/* End PBXGroup section */

/* Begin PBXNativeTarget section */
		AE81E3831C648C1600BB3DEC /* Week1_Dropbox */ = {
			isa = PBXNativeTarget;
			buildConfigurationList = AE81E3961C648C1600BB3DEC /* Build configuration list for PBXNativeTarget "Week1_Dropbox" */;
			buildPhases = (
				AE81E3801C648C1600BB3DEC /* Sources */,
				AE81E3811C648C1600BB3DEC /* Frameworks */,
				AE81E3821C648C1600BB3DEC /* Resources */,
			);
			buildRules = (
			);
			dependencies = (
			);
			name = Week1_Dropbox;
			productName = Week1_Dropbox;
			productReference = AE81E3841C648C1600BB3DEC /* Week1_Dropbox.app */;
			productType = "com.apple.product-type.application";
		};
/* End PBXNativeTarget section */

/* Begin PBXProject section */
		AE81E37C1C648C1600BB3DEC /* Project object */ = {
			isa = PBXProject;
			attributes = {
				LastSwiftUpdateCheck = 0720;
				LastUpgradeCheck = 0720;
				ORGANIZATIONNAME = "Jenn Leung";
				TargetAttributes = {
					AE81E3831C648C1600BB3DEC = {
						CreatedOnToolsVersion = 7.2.1;
						DevelopmentTeam = S4ETW8LQG4;
					};
				};
			};
			buildConfigurationList = AE81E37F1C648C1600BB3DEC /* Build configuration list for PBXProject "Week1_Dropbox" */;
			compatibilityVersion = "Xcode 3.2";
			developmentRegion = English;
			hasScannedForEncodings = 0;
			knownRegions = (
				en,
				Base,
			);
			mainGroup = AE81E37B1C648C1600BB3DEC;
			productRefGroup = AE81E3851C648C1600BB3DEC /* Products */;
			projectDirPath = "";
			projectRoot = "";
			targets = (
				AE81E3831C648C1600BB3DEC /* Week1_Dropbox */,
			);
		};
/* End PBXProject section */

/* Begin PBXResourcesBuildPhase section */
		AE81E3821C648C1600BB3DEC /* Resources */ = {
			isa = PBXResourcesBuildPhase;
			buildActionMask = 2147483647;
			files = (
				AE81E3921C648C1600BB3DEC /* LaunchScreen.storyboard in Resources */,
				AE81E38F1C648C1600BB3DEC /* Assets.xcassets in Resources */,
				AE81E38D1C648C1600BB3DEC /* Main.storyboard in Resources */,
			);
			runOnlyForDeploymentPostprocessing = 0;
		};
/* End PBXResourcesBuildPhase section */

/* Begin PBXSourcesBuildPhase section */
		AE81E3801C648C1600BB3DEC /* Sources */ = {
			isa = PBXSourcesBuildPhase;
			buildActionMask = 2147483647;
			files = (
				AEB2F4281C64A27D00391D29 /* SignInRootViewController.swift in Sources */,
				AEB2F4411C680E4700391D29 /* Welcome3ViewController.swift in Sources */,
				AE81E39C1C649E5A00BB3DEC /* CreateAccountViewController.swift in Sources */,
				AEB2F43B1C67D64B00391D29 /* CreateAccountFormViewController.swift in Sources */,
				AEB2F42A1C64A29500391D29 /* SignInViewController.swift in Sources */,
				AEB2F42C1C65F3F300391D29 /* SettingsScrollViewController.swift in Sources */,
				AE81E38A1C648C1600BB3DEC /* ViewController.swift in Sources */,
				AEB2F43F1C680E1800391D29 /* Welcome2ViewController.swift in Sources */,
				AEB2F42E1C6609BE00391D29 /* GettingStartedController.swift in Sources */,
				AEB2F43D1C68078A00391D29 /* Welcome1ViewController.swift in Sources */,
				AE81E3881C648C1600BB3DEC /* AppDelegate.swift in Sources */,
				AEB2F4301C66C2F300391D29 /* FavoriteScreenViewController.swift in Sources */,
			);
			runOnlyForDeploymentPostprocessing = 0;
		};
/* End PBXSourcesBuildPhase section */

/* Begin PBXVariantGroup section */
		AE81E38B1C648C1600BB3DEC /* Main.storyboard */ = {
			isa = PBXVariantGroup;
			children = (
				AE81E38C1C648C1600BB3DEC /* Base */,
			);
			name = Main.storyboard;
			sourceTree = "<group>";
		};
		AE81E3901C648C1600BB3DEC /* LaunchScreen.storyboard */ = {
			isa = PBXVariantGroup;
			children = (
				AE81E3911C648C1600BB3DEC /* Base */,
			);
			name = LaunchScreen.storyboard;
			sourceTree = "<group>";
		};
/* End PBXVariantGroup section */

/* Begin XCBuildConfiguration section */
		AE81E3941C648C1600BB3DEC /* Debug */ = {
			isa = XCBuildConfiguration;
			buildSettings = {
				ALWAYS_SEARCH_USER_PATHS = NO;
				CLANG_CXX_LANGUAGE_STANDARD = "gnu++0x";
				CLANG_CXX_LIBRARY = "libc++";
				CLANG_ENABLE_MODULES = YES;
				CLANG_ENABLE_OBJC_ARC = YES;
				CLANG_WARN_BOOL_CONVERSION = YES;
				CLANG_WARN_CONSTANT_CONVERSION = YES;
				CLANG_WARN_DIRECT_OBJC_ISA_USAGE = YES_ERROR;
				CLANG_WARN_EMPTY_BODY = YES;
				CLANG_WARN_ENUM_CONVERSION = YES;
				CLANG_WARN_INT_CONVERSION = YES;
				CLANG_WARN_OBJC_ROOT_CLASS = YES_ERROR;
				CLANG_WARN_UNREACHABLE_CODE = YES;
				CLANG_WARN__DUPLICATE_METHOD_MATCH = YES;
				"CODE_SIGN_IDENTITY[sdk=iphoneos*]" = "iPhone Developer";
				COPY_PHASE_STRIP = NO;
				DEBUG_INFORMATION_FORMAT = dwarf;
				ENABLE_STRICT_OBJC_MSGSEND = YES;
				ENABLE_TESTABILITY = YES;
				GCC_C_LANGUAGE_STANDARD = gnu99;
				GCC_DYNAMIC_NO_PIC = NO;
				GCC_NO_COMMON_BLOCKS = YES;
				GCC_OPTIMIZATION_LEVEL = 0;
				GCC_PREPROCESSOR_DEFINITIONS = (
					"DEBUG=1",
					"$(inherited)",
				);
				GCC_WARN_64_TO_32_BIT_CONVERSION = YES;
				GCC_WARN_ABOUT_RETURN_TYPE = YES_ERROR;
				GCC_WARN_UNDECLARED_SELECTOR = YES;
				GCC_WARN_UNINITIALIZED_AUTOS = YES_AGGRESSIVE;
				GCC_WARN_UNUSED_FUNCTION = YES;
				GCC_WARN_UNUSED_VARIABLE = YES;
				IPHONEOS_DEPLOYMENT_TARGET = 9.2;
				MTL_ENABLE_DEBUG_INFO = YES;
				ONLY_ACTIVE_ARCH = YES;
				SDKROOT = iphoneos;
				SWIFT_OPTIMIZATION_LEVEL = "-Onone";
				TARGETED_DEVICE_FAMILY = "1,2";
			};
			name = Debug;
		};
		AE81E3951C648C1600BB3DEC /* Release */ = {
			isa = XCBuildConfiguration;
			buildSettings = {
				ALWAYS_SEARCH_USER_PATHS = NO;
				CLANG_CXX_LANGUAGE_STANDARD = "gnu++0x";
				CLANG_CXX_LIBRARY = "libc++";
				CLANG_ENABLE_MODULES = YES;
				CLANG_ENABLE_OBJC_ARC = YES;
				CLANG_WARN_BOOL_CONVERSION = YES;
				CLANG_WARN_CONSTANT_CONVERSION = YES;
				CLANG_WARN_DIRECT_OBJC_ISA_USAGE = YES_ERROR;
				CLANG_WARN_EMPTY_BODY = YES;
				CLANG_WARN_ENUM_CONVERSION = YES;
				CLANG_WARN_INT_CONVERSION = YES;
				CLANG_WARN_OBJC_ROOT_CLASS = YES_ERROR;
				CLANG_WARN_UNREACHABLE_CODE = YES;
				CLANG_WARN__DUPLICATE_METHOD_MATCH = YES;
				"CODE_SIGN_IDENTITY[sdk=iphoneos*]" = "iPhone Developer";
				COPY_PHASE_STRIP = NO;
				DEBUG_INFORMATION_FORMAT = "dwarf-with-dsym";
				ENABLE_NS_ASSERTIONS = NO;
				ENABLE_STRICT_OBJC_MSGSEND = YES;
				GCC_C_LANGUAGE_STANDARD = gnu99;
				GCC_NO_COMMON_BLOCKS = YES;
				GCC_WARN_64_TO_32_BIT_CONVERSION = YES;
				GCC_WARN_ABOUT_RETURN_TYPE = YES_ERROR;
				GCC_WARN_UNDECLARED_SELECTOR = YES;
				GCC_WARN_UNINITIALIZED_AUTOS = YES_AGGRESSIVE;
				GCC_WARN_UNUSED_FUNCTION = YES;
				GCC_WARN_UNUSED_VARIABLE = YES;
				IPHONEOS_DEPLOYMENT_TARGET = 9.2;
				MTL_ENABLE_DEBUG_INFO = NO;
				SDKROOT = iphoneos;
				TARGETED_DEVICE_FAMILY = "1,2";
				VALIDATE_PRODUCT = YES;
			};
			name = Release;
		};
		AE81E3971C648C1600BB3DEC /* Debug */ = {
			isa = XCBuildConfiguration;
			buildSettings = {
				ASSETCATALOG_COMPILER_APPICON_NAME = AppIcon;
				INFOPLIST_FILE = Week1_Dropbox/Info.plist;
				LD_RUNPATH_SEARCH_PATHS = "$(inherited) @executable_path/Frameworks";
				PRODUCT_BUNDLE_IDENTIFIER = "com.jenn.Week1-Dropbox";
				PRODUCT_NAME = "$(TARGET_NAME)";
			};
			name = Debug;
		};
		AE81E3981C648C1600BB3DEC /* Release */ = {
			isa = XCBuildConfiguration;
			buildSettings = {
				ASSETCATALOG_COMPILER_APPICON_NAME = AppIcon;
				INFOPLIST_FILE = Week1_Dropbox/Info.plist;
				LD_RUNPATH_SEARCH_PATHS = "$(inherited) @executable_path/Frameworks";
				PRODUCT_BUNDLE_IDENTIFIER = "com.jenn.Week1-Dropbox";
				PRODUCT_NAME = "$(TARGET_NAME)";
			};
			name = Release;
		};
/* End XCBuildConfiguration section */

/* Begin XCConfigurationList section */
		AE81E37F1C648C1600BB3DEC /* Build configuration list for PBXProject "Week1_Dropbox" */ = {
			isa = XCConfigurationList;
			buildConfigurations = (
				AE81E3941C648C1600BB3DEC /* Debug */,
				AE81E3951C648C1600BB3DEC /* Release */,
			);
			defaultConfigurationIsVisible = 0;
			defaultConfigurationName = Release;
		};
		AE81E3961C648C1600BB3DEC /* Build configuration list for PBXNativeTarget "Week1_Dropbox" */ = {
			isa = XCConfigurationList;
			buildConfigurations = (
				AE81E3971C648C1600BB3DEC /* Debug */,
				AE81E3981C648C1600BB3DEC /* Release */,
			);
			defaultConfigurationIsVisible = 0;
			defaultConfigurationName = Release;
		};
/* End XCConfigurationList section */
	};
	rootObject = AE81E37C1C648C1600BB3DEC /* Project object */;
}
